
Microsoft Visual Studio Solution File, Format Version 12.00
# Visual Studio 15
VisualStudioVersion = 15.0.28010.2041
MinimumVisualStudioVersion = 10.0.40219.1
Project("{FAE04EC0-301F-11D3-BF4B-00C04F79EFBC}") = "CloudDocs.Web", "CloudDocs.Web\CloudDocs.Web.csproj", "{267FA117-3912-4700-927A-600C5B111B9F}"
EndProject
Global
	GlobalSection(SolutionConfigurationPlatforms) = preSolution
		Debug|Any CPU = Debug|Any CPU
		Release|Any CPU = Release|Any CPU
	EndGlobalSection
	GlobalSection(ProjectConfigurationPlatforms) = postSolution
		{267FA117-3912-4700-927A-600C5B111B9F}.Debug|Any CPU.ActiveCfg = Debug|Any CPU
		{267FA117-3912-4700-927A-600C5B111B9F}.Debug|Any CPU.Build.0 = Debug|Any CPU
		{267FA117-3912-4700-927A-600C5B111B9F}.Release|Any CPU.ActiveCfg = Release|Any CPU
		{267FA117-3912-4700-927A-600C5B111B9F}.Release|Any CPU.Build.0 = Release|Any CPU
	EndGlobalSection
	GlobalSection(SolutionProperties) = preSolution
		HideSolutionNode = FALSE
	EndGlobalSection
	GlobalSection(ExtensibilityGlobals) = postSolution
		SolutionGuid = {7F032273-A8D6-48D3-A368-577001DE242F}
	EndGlobalSection
EndGlobal
